<?xml version="1.0" encoding="UTF-8"?>
<CodeBlocks_project_file>
	<FileVersion major="1" minor="6"/>
	<Project>
		<Option title="oonalysis"/>
		<Option makefile_is_custom="1"/>
		<Option compiler="gcc"/>
		<Option virtualFolders="CMake Files\;CMake Files\lib\;CMake Files\lib\SQLiteCpp\;CMake Files\lib\SQLiteCpp\sqlite3\;CMake Files\src\;CMake Files\src\util\;CMake Files\src\db\;CMake Files\src\db\repo\;CMake Files\src\metrics\;CMake Files\src\core\;CMake Files\src\core\clang\;CMake Files\src\core\common\;CMake Files\src\cli\;CMake Files\src\gui\;CMake Files\..\;CMake Files\..\..\;CMake Files\..\..\Qt\;CMake Files\..\..\Qt\5.9.1\;CMake Files\..\..\Qt\5.9.1\clang_64\;CMake Files\..\..\Qt\5.9.1\clang_64\lib\;CMake Files\..\..\Qt\5.9.1\clang_64\lib\cmake\;CMake Files\..\..\Qt\5.9.1\clang_64\lib\cmake\Qt5\;CMake Files\..\..\Qt\5.9.1\clang_64\lib\cmake\Qt5Core\;CMake Files\..\..\Qt\5.9.1\clang_64\lib\cmake\Qt5Gui\;CMake Files\..\..\Qt\5.9.1\clang_64\lib\cmake\Qt5Widgets\;"/>
		<Build>
			<Target title="all">
				<Option working_dir="/Users/Jeremy/Programming/oonalysis"/>
				<Option type="4"/>
				<MakeCommands>
					<Build command="/usr/local/bin/gmake -j4 -f &quot;/Users/Jeremy/Programming/oonalysis/Makefile&quot;  VERBOSE=1 all"/>
					<CompileFile command="/usr/local/bin/gmake -j4 -f &quot;/Users/Jeremy/Programming/oonalysis/Makefile&quot;  VERBOSE=1 &quot;$file&quot;"/>
					<Clean command="/usr/local/bin/gmake -j4 -f &quot;/Users/Jeremy/Programming/oonalysis/Makefile&quot;  VERBOSE=1 clean"/>
					<DistClean command="/usr/local/bin/gmake -j4 -f &quot;/Users/Jeremy/Programming/oonalysis/Makefile&quot;  VERBOSE=1 clean"/>
				</MakeCommands>
			</Target>
			<Target title="install/local">
				<Option working_dir="/Users/Jeremy/Programming/oonalysis"/>
				<Option type="4"/>
				<MakeCommands>
					<Build command="/usr/local/bin/gmake -j4 -f &quot;/Users/Jeremy/Programming/oonalysis/Makefile&quot;  VERBOSE=1 install/local"/>
					<CompileFile command="/usr/local/bin/gmake -j4 -f &quot;/Users/Jeremy/Programming/oonalysis/Makefile&quot;  VERBOSE=1 &quot;$file&quot;"/>
					<Clean command="/usr/local/bin/gmake -j4 -f &quot;/Users/Jeremy/Programming/oonalysis/Makefile&quot;  VERBOSE=1 clean"/>
					<DistClean command="/usr/local/bin/gmake -j4 -f &quot;/Users/Jeremy/Programming/oonalysis/Makefile&quot;  VERBOSE=1 clean"/>
				</MakeCommands>
			</Target>
			<Target title="install/strip">
				<Option working_dir="/Users/Jeremy/Programming/oonalysis"/>
				<Option type="4"/>
				<MakeCommands>
					<Build command="/usr/local/bin/gmake -j4 -f &quot;/Users/Jeremy/Programming/oonalysis/Makefile&quot;  VERBOSE=1 install/strip"/>
					<CompileFile command="/usr/local/bin/gmake -j4 -f &quot;/Users/Jeremy/Programming/oonalysis/Makefile&quot;  VERBOSE=1 &quot;$file&quot;"/>
					<Clean command="/usr/local/bin/gmake -j4 -f &quot;/Users/Jeremy/Programming/oonalysis/Makefile&quot;  VERBOSE=1 clean"/>
					<DistClean command="/usr/local/bin/gmake -j4 -f &quot;/Users/Jeremy/Programming/oonalysis/Makefile&quot;  VERBOSE=1 clean"/>
				</MakeCommands>
			</Target>
			<Target title="install">
				<Option working_dir="/Users/Jeremy/Programming/oonalysis"/>
				<Option type="4"/>
				<MakeCommands>
					<Build command="/usr/local/bin/gmake -j4 -f &quot;/Users/Jeremy/Programming/oonalysis/Makefile&quot;  VERBOSE=1 install"/>
					<CompileFile command="/usr/local/bin/gmake -j4 -f &quot;/Users/Jeremy/Programming/oonalysis/Makefile&quot;  VERBOSE=1 &quot;$file&quot;"/>
					<Clean command="/usr/local/bin/gmake -j4 -f &quot;/Users/Jeremy/Programming/oonalysis/Makefile&quot;  VERBOSE=1 clean"/>
					<DistClean command="/usr/local/bin/gmake -j4 -f &quot;/Users/Jeremy/Programming/oonalysis/Makefile&quot;  VERBOSE=1 clean"/>
				</MakeCommands>
			</Target>
			<Target title="list_install_components">
				<Option working_dir="/Users/Jeremy/Programming/oonalysis"/>
				<Option type="4"/>
				<MakeCommands>
					<Build command="/usr/local/bin/gmake -j4 -f &quot;/Users/Jeremy/Programming/oonalysis/Makefile&quot;  VERBOSE=1 list_install_components"/>
					<CompileFile command="/usr/local/bin/gmake -j4 -f &quot;/Users/Jeremy/Programming/oonalysis/Makefile&quot;  VERBOSE=1 &quot;$file&quot;"/>
					<Clean command="/usr/local/bin/gmake -j4 -f &quot;/Users/Jeremy/Programming/oonalysis/Makefile&quot;  VERBOSE=1 clean"/>
					<DistClean command="/usr/local/bin/gmake -j4 -f &quot;/Users/Jeremy/Programming/oonalysis/Makefile&quot;  VERBOSE=1 clean"/>
				</MakeCommands>
			</Target>
			<Target title="rebuild_cache">
				<Option working_dir="/Users/Jeremy/Programming/oonalysis"/>
				<Option type="4"/>
				<MakeCommands>
					<Build command="/usr/local/bin/gmake -j4 -f &quot;/Users/Jeremy/Programming/oonalysis/Makefile&quot;  VERBOSE=1 rebuild_cache"/>
					<CompileFile command="/usr/local/bin/gmake -j4 -f &quot;/Users/Jeremy/Programming/oonalysis/Makefile&quot;  VERBOSE=1 &quot;$file&quot;"/>
					<Clean command="/usr/local/bin/gmake -j4 -f &quot;/Users/Jeremy/Programming/oonalysis/Makefile&quot;  VERBOSE=1 clean"/>
					<DistClean command="/usr/local/bin/gmake -j4 -f &quot;/Users/Jeremy/Programming/oonalysis/Makefile&quot;  VERBOSE=1 clean"/>
				</MakeCommands>
			</Target>
			<Target title="edit_cache">
				<Option working_dir="/Users/Jeremy/Programming/oonalysis"/>
				<Option type="4"/>
				<MakeCommands>
					<Build command="/usr/local/bin/gmake -j4 -f &quot;/Users/Jeremy/Programming/oonalysis/Makefile&quot;  VERBOSE=1 edit_cache"/>
					<CompileFile command="/usr/local/bin/gmake -j4 -f &quot;/Users/Jeremy/Programming/oonalysis/Makefile&quot;  VERBOSE=1 &quot;$file&quot;"/>
					<Clean command="/usr/local/bin/gmake -j4 -f &quot;/Users/Jeremy/Programming/oonalysis/Makefile&quot;  VERBOSE=1 clean"/>
					<DistClean command="/usr/local/bin/gmake -j4 -f &quot;/Users/Jeremy/Programming/oonalysis/Makefile&quot;  VERBOSE=1 clean"/>
				</MakeCommands>
			</Target>
			<Target title="SQLiteCpp_cpplint">
				<Option working_dir="/Users/Jeremy/Programming/oonalysis/lib/SQLiteCpp"/>
				<Option type="4"/>
				<MakeCommands>
					<Build command="/usr/local/bin/gmake -j4 -f &quot;/Users/Jeremy/Programming/oonalysis/lib/SQLiteCpp/Makefile&quot;  VERBOSE=1 SQLiteCpp_cpplint"/>
					<CompileFile command="/usr/local/bin/gmake -j4 -f &quot;/Users/Jeremy/Programming/oonalysis/lib/SQLiteCpp/Makefile&quot;  VERBOSE=1 &quot;$file&quot;"/>
					<Clean command="/usr/local/bin/gmake -j4 -f &quot;/Users/Jeremy/Programming/oonalysis/lib/SQLiteCpp/Makefile&quot;  VERBOSE=1 clean"/>
					<DistClean command="/usr/local/bin/gmake -j4 -f &quot;/Users/Jeremy/Programming/oonalysis/lib/SQLiteCpp/Makefile&quot;  VERBOSE=1 clean"/>
				</MakeCommands>
			</Target>
			<Target title="SQLiteCpp_cppcheck">
				<Option working_dir="/Users/Jeremy/Programming/oonalysis/lib/SQLiteCpp"/>
				<Option type="4"/>
				<MakeCommands>
					<Build command="/usr/local/bin/gmake -j4 -f &quot;/Users/Jeremy/Programming/oonalysis/lib/SQLiteCpp/Makefile&quot;  VERBOSE=1 SQLiteCpp_cppcheck"/>
					<CompileFile command="/usr/local/bin/gmake -j4 -f &quot;/Users/Jeremy/Programming/oonalysis/lib/SQLiteCpp/Makefile&quot;  VERBOSE=1 &quot;$file&quot;"/>
					<Clean command="/usr/local/bin/gmake -j4 -f &quot;/Users/Jeremy/Programming/oonalysis/lib/SQLiteCpp/Makefile&quot;  VERBOSE=1 clean"/>
					<DistClean command="/usr/local/bin/gmake -j4 -f &quot;/Users/Jeremy/Programming/oonalysis/lib/SQLiteCpp/Makefile&quot;  VERBOSE=1 clean"/>
				</MakeCommands>
			</Target>
			<Target title="SQLiteCpp">
				<Option output="/Users/Jeremy/Programming/oonalysis/lib/SQLiteCpp/libSQLiteCpp.a" prefix_auto="0" extension_auto="0"/>
				<Option working_dir="/Users/Jeremy/Programming/oonalysis/lib/SQLiteCpp"/>
				<Option object_output="./"/>
				<Option type="2"/>
				<Option compiler="gcc"/>
				<Compiler>
					<Add option="-DSQLITE_ENABLE_COLUMN_METADATA"/>
					<Add directory="/Users/Jeremy/Programming/oonalysis/lib/SQLiteCpp/include"/>
					<Add directory="/Users/Jeremy/Programming/oonalysis/lib/SQLiteCpp/sqlite3"/>
					<Add directory="/Applications/Xcode.app/Contents/Developer/Toolchains/XcodeDefault.xctoolchain/usr/bin/../include/c++/v1"/>
					<Add directory="/usr/local/include"/>
					<Add directory="/Applications/Xcode.app/Contents/Developer/Toolchains/XcodeDefault.xctoolchain/usr/bin/../lib/clang/8.1.0/include"/>
					<Add directory="/Applications/Xcode.app/Contents/Developer/Toolchains/XcodeDefault.xctoolchain/usr/include"/>
					<Add directory="/usr/include"/>
					<Add directory="/System/Library/Frameworks"/>
					<Add directory="/Library/Frameworks"/>
				</Compiler>
				<MakeCommands>
					<Build command="/usr/local/bin/gmake -j4 -f &quot;/Users/Jeremy/Programming/oonalysis/lib/SQLiteCpp/Makefile&quot;  VERBOSE=1 SQLiteCpp"/>
					<CompileFile command="/usr/local/bin/gmake -j4 -f &quot;/Users/Jeremy/Programming/oonalysis/lib/SQLiteCpp/Makefile&quot;  VERBOSE=1 &quot;$file&quot;"/>
					<Clean command="/usr/local/bin/gmake -j4 -f &quot;/Users/Jeremy/Programming/oonalysis/lib/SQLiteCpp/Makefile&quot;  VERBOSE=1 clean"/>
					<DistClean command="/usr/local/bin/gmake -j4 -f &quot;/Users/Jeremy/Programming/oonalysis/lib/SQLiteCpp/Makefile&quot;  VERBOSE=1 clean"/>
				</MakeCommands>
			</Target>
			<Target title="SQLiteCpp/fast">
				<Option output="/Users/Jeremy/Programming/oonalysis/lib/SQLiteCpp/libSQLiteCpp.a" prefix_auto="0" extension_auto="0"/>
				<Option working_dir="/Users/Jeremy/Programming/oonalysis/lib/SQLiteCpp"/>
				<Option object_output="./"/>
				<Option type="2"/>
				<Option compiler="gcc"/>
				<Compiler>
					<Add option="-DSQLITE_ENABLE_COLUMN_METADATA"/>
					<Add directory="/Users/Jeremy/Programming/oonalysis/lib/SQLiteCpp/include"/>
					<Add directory="/Users/Jeremy/Programming/oonalysis/lib/SQLiteCpp/sqlite3"/>
					<Add directory="/Applications/Xcode.app/Contents/Developer/Toolchains/XcodeDefault.xctoolchain/usr/bin/../include/c++/v1"/>
					<Add directory="/usr/local/include"/>
					<Add directory="/Applications/Xcode.app/Contents/Developer/Toolchains/XcodeDefault.xctoolchain/usr/bin/../lib/clang/8.1.0/include"/>
					<Add directory="/Applications/Xcode.app/Contents/Developer/Toolchains/XcodeDefault.xctoolchain/usr/include"/>
					<Add directory="/usr/include"/>
					<Add directory="/System/Library/Frameworks"/>
					<Add directory="/Library/Frameworks"/>
				</Compiler>
				<MakeCommands>
					<Build command="/usr/local/bin/gmake -j4 -f &quot;/Users/Jeremy/Programming/oonalysis/lib/SQLiteCpp/Makefile&quot;  VERBOSE=1 SQLiteCpp/fast"/>
					<CompileFile command="/usr/local/bin/gmake -j4 -f &quot;/Users/Jeremy/Programming/oonalysis/lib/SQLiteCpp/Makefile&quot;  VERBOSE=1 &quot;$file&quot;"/>
					<Clean command="/usr/local/bin/gmake -j4 -f &quot;/Users/Jeremy/Programming/oonalysis/lib/SQLiteCpp/Makefile&quot;  VERBOSE=1 clean"/>
					<DistClean command="/usr/local/bin/gmake -j4 -f &quot;/Users/Jeremy/Programming/oonalysis/lib/SQLiteCpp/Makefile&quot;  VERBOSE=1 clean"/>
				</MakeCommands>
			</Target>
			<Target title="sqlite3">
				<Option output="/Users/Jeremy/Programming/oonalysis/lib/SQLiteCpp/sqlite3/libsqlite3.a" prefix_auto="0" extension_auto="0"/>
				<Option working_dir="/Users/Jeremy/Programming/oonalysis/lib/SQLiteCpp/sqlite3"/>
				<Option object_output="./"/>
				<Option type="2"/>
				<Option compiler="gcc"/>
				<Compiler>
					<Add option="-DSQLITE_ENABLE_COLUMN_METADATA"/>
					<Add directory="/Users/Jeremy/Programming/oonalysis/lib/SQLiteCpp/include"/>
					<Add directory="/Users/Jeremy/Programming/oonalysis/lib/SQLiteCpp/sqlite3"/>
					<Add directory="/Applications/Xcode.app/Contents/Developer/Toolchains/XcodeDefault.xctoolchain/usr/bin/../include/c++/v1"/>
					<Add directory="/usr/local/include"/>
					<Add directory="/Applications/Xcode.app/Contents/Developer/Toolchains/XcodeDefault.xctoolchain/usr/bin/../lib/clang/8.1.0/include"/>
					<Add directory="/Applications/Xcode.app/Contents/Developer/Toolchains/XcodeDefault.xctoolchain/usr/include"/>
					<Add directory="/usr/include"/>
					<Add directory="/System/Library/Frameworks"/>
					<Add directory="/Library/Frameworks"/>
				</Compiler>
				<MakeCommands>
					<Build command="/usr/local/bin/gmake -j4 -f &quot;/Users/Jeremy/Programming/oonalysis/lib/SQLiteCpp/sqlite3/Makefile&quot;  VERBOSE=1 sqlite3"/>
					<CompileFile command="/usr/local/bin/gmake -j4 -f &quot;/Users/Jeremy/Programming/oonalysis/lib/SQLiteCpp/sqlite3/Makefile&quot;  VERBOSE=1 &quot;$file&quot;"/>
					<Clean command="/usr/local/bin/gmake -j4 -f &quot;/Users/Jeremy/Programming/oonalysis/lib/SQLiteCpp/sqlite3/Makefile&quot;  VERBOSE=1 clean"/>
					<DistClean command="/usr/local/bin/gmake -j4 -f &quot;/Users/Jeremy/Programming/oonalysis/lib/SQLiteCpp/sqlite3/Makefile&quot;  VERBOSE=1 clean"/>
				</MakeCommands>
			</Target>
			<Target title="sqlite3/fast">
				<Option output="/Users/Jeremy/Programming/oonalysis/lib/SQLiteCpp/sqlite3/libsqlite3.a" prefix_auto="0" extension_auto="0"/>
				<Option working_dir="/Users/Jeremy/Programming/oonalysis/lib/SQLiteCpp/sqlite3"/>
				<Option object_output="./"/>
				<Option type="2"/>
				<Option compiler="gcc"/>
				<Compiler>
					<Add option="-DSQLITE_ENABLE_COLUMN_METADATA"/>
					<Add directory="/Users/Jeremy/Programming/oonalysis/lib/SQLiteCpp/include"/>
					<Add directory="/Users/Jeremy/Programming/oonalysis/lib/SQLiteCpp/sqlite3"/>
					<Add directory="/Applications/Xcode.app/Contents/Developer/Toolchains/XcodeDefault.xctoolchain/usr/bin/../include/c++/v1"/>
					<Add directory="/usr/local/include"/>
					<Add directory="/Applications/Xcode.app/Contents/Developer/Toolchains/XcodeDefault.xctoolchain/usr/bin/../lib/clang/8.1.0/include"/>
					<Add directory="/Applications/Xcode.app/Contents/Developer/Toolchains/XcodeDefault.xctoolchain/usr/include"/>
					<Add directory="/usr/include"/>
					<Add directory="/System/Library/Frameworks"/>
					<Add directory="/Library/Frameworks"/>
				</Compiler>
				<MakeCommands>
					<Build command="/usr/local/bin/gmake -j4 -f &quot;/Users/Jeremy/Programming/oonalysis/lib/SQLiteCpp/sqlite3/Makefile&quot;  VERBOSE=1 sqlite3/fast"/>
					<CompileFile command="/usr/local/bin/gmake -j4 -f &quot;/Users/Jeremy/Programming/oonalysis/lib/SQLiteCpp/sqlite3/Makefile&quot;  VERBOSE=1 &quot;$file&quot;"/>
					<Clean command="/usr/local/bin/gmake -j4 -f &quot;/Users/Jeremy/Programming/oonalysis/lib/SQLiteCpp/sqlite3/Makefile&quot;  VERBOSE=1 clean"/>
					<DistClean command="/usr/local/bin/gmake -j4 -f &quot;/Users/Jeremy/Programming/oonalysis/lib/SQLiteCpp/sqlite3/Makefile&quot;  VERBOSE=1 clean"/>
				</MakeCommands>
			</Target>
			<Target title="oonalysis-cli">
				<Option output="/Users/Jeremy/Programming/oonalysis/bin/oonalysis-cli" prefix_auto="0" extension_auto="0"/>
				<Option working_dir="/Users/Jeremy/Programming/oonalysis/bin"/>
				<Option object_output="./"/>
				<Option type="1"/>
				<Option compiler="gcc"/>
				<Compiler>
					<Add directory="/Users/Jeremy/Programming/oonalysis/lib/SQLiteCpp/include"/>
					<Add directory="/Users/Jeremy/Programming/oonalysis/lib/SQLiteCpp/include/SQLiteCpp"/>
					<Add directory="/Users/Jeremy/Programming/oonalysis/src/."/>
					<Add directory="/usr/local/include"/>
					<Add directory="/Users/Jeremy/Programming/oonalysis/lib/SQLiteCpp/sqlite3"/>
					<Add directory="/Applications/Xcode.app/Contents/Developer/Toolchains/XcodeDefault.xctoolchain/usr/bin/../include/c++/v1"/>
					<Add directory="/Applications/Xcode.app/Contents/Developer/Toolchains/XcodeDefault.xctoolchain/usr/bin/../lib/clang/8.1.0/include"/>
					<Add directory="/Applications/Xcode.app/Contents/Developer/Toolchains/XcodeDefault.xctoolchain/usr/include"/>
					<Add directory="/usr/include"/>
					<Add directory="/System/Library/Frameworks"/>
					<Add directory="/Library/Frameworks"/>
				</Compiler>
				<MakeCommands>
					<Build command="/usr/local/bin/gmake -j4 -f &quot;/Users/Jeremy/Programming/oonalysis/src/Makefile&quot;  VERBOSE=1 oonalysis-cli"/>
					<CompileFile command="/usr/local/bin/gmake -j4 -f &quot;/Users/Jeremy/Programming/oonalysis/src/Makefile&quot;  VERBOSE=1 &quot;$file&quot;"/>
					<Clean command="/usr/local/bin/gmake -j4 -f &quot;/Users/Jeremy/Programming/oonalysis/src/Makefile&quot;  VERBOSE=1 clean"/>
					<DistClean command="/usr/local/bin/gmake -j4 -f &quot;/Users/Jeremy/Programming/oonalysis/src/Makefile&quot;  VERBOSE=1 clean"/>
				</MakeCommands>
			</Target>
			<Target title="oonalysis-cli/fast">
				<Option output="/Users/Jeremy/Programming/oonalysis/bin/oonalysis-cli" prefix_auto="0" extension_auto="0"/>
				<Option working_dir="/Users/Jeremy/Programming/oonalysis/bin"/>
				<Option object_output="./"/>
				<Option type="1"/>
				<Option compiler="gcc"/>
				<Compiler>
					<Add directory="/Users/Jeremy/Programming/oonalysis/lib/SQLiteCpp/include"/>
					<Add directory="/Users/Jeremy/Programming/oonalysis/lib/SQLiteCpp/include/SQLiteCpp"/>
					<Add directory="/Users/Jeremy/Programming/oonalysis/src/."/>
					<Add directory="/usr/local/include"/>
					<Add directory="/Users/Jeremy/Programming/oonalysis/lib/SQLiteCpp/sqlite3"/>
					<Add directory="/Applications/Xcode.app/Contents/Developer/Toolchains/XcodeDefault.xctoolchain/usr/bin/../include/c++/v1"/>
					<Add directory="/Applications/Xcode.app/Contents/Developer/Toolchains/XcodeDefault.xctoolchain/usr/bin/../lib/clang/8.1.0/include"/>
					<Add directory="/Applications/Xcode.app/Contents/Developer/Toolchains/XcodeDefault.xctoolchain/usr/include"/>
					<Add directory="/usr/include"/>
					<Add directory="/System/Library/Frameworks"/>
					<Add directory="/Library/Frameworks"/>
				</Compiler>
				<MakeCommands>
					<Build command="/usr/local/bin/gmake -j4 -f &quot;/Users/Jeremy/Programming/oonalysis/src/Makefile&quot;  VERBOSE=1 oonalysis-cli/fast"/>
					<CompileFile command="/usr/local/bin/gmake -j4 -f &quot;/Users/Jeremy/Programming/oonalysis/src/Makefile&quot;  VERBOSE=1 &quot;$file&quot;"/>
					<Clean command="/usr/local/bin/gmake -j4 -f &quot;/Users/Jeremy/Programming/oonalysis/src/Makefile&quot;  VERBOSE=1 clean"/>
					<DistClean command="/usr/local/bin/gmake -j4 -f &quot;/Users/Jeremy/Programming/oonalysis/src/Makefile&quot;  VERBOSE=1 clean"/>
				</MakeCommands>
			</Target>
			<Target title="oonalysis-gui">
				<Option output="/Users/Jeremy/Programming/oonalysis/bin/oonalysis-gui" prefix_auto="0" extension_auto="0"/>
				<Option working_dir="/Users/Jeremy/Programming/oonalysis/bin"/>
				<Option object_output="./"/>
				<Option type="1"/>
				<Option compiler="gcc"/>
				<Compiler>
					<Add directory="/Users/Jeremy/Programming/oonalysis/lib/SQLiteCpp/include"/>
					<Add directory="/Users/Jeremy/Programming/oonalysis/lib/SQLiteCpp/include/SQLiteCpp"/>
					<Add directory="/Users/Jeremy/Programming/oonalysis/src/."/>
					<Add directory="/usr/local/include"/>
					<Add directory="/Applications/Xcode.app/Contents/Developer/Toolchains/XcodeDefault.xctoolchain/usr/bin/../include/c++/v1"/>
					<Add directory="/Applications/Xcode.app/Contents/Developer/Toolchains/XcodeDefault.xctoolchain/usr/bin/../lib/clang/8.1.0/include"/>
					<Add directory="/Applications/Xcode.app/Contents/Developer/Toolchains/XcodeDefault.xctoolchain/usr/include"/>
					<Add directory="/usr/include"/>
					<Add directory="/System/Library/Frameworks"/>
					<Add directory="/Library/Frameworks"/>
				</Compiler>
				<MakeCommands>
					<Build command="/usr/local/bin/gmake -j4 -f &quot;/Users/Jeremy/Programming/oonalysis/src/Makefile&quot;  VERBOSE=1 oonalysis-gui"/>
					<CompileFile command="/usr/local/bin/gmake -j4 -f &quot;/Users/Jeremy/Programming/oonalysis/src/Makefile&quot;  VERBOSE=1 &quot;$file&quot;"/>
					<Clean command="/usr/local/bin/gmake -j4 -f &quot;/Users/Jeremy/Programming/oonalysis/src/Makefile&quot;  VERBOSE=1 clean"/>
					<DistClean command="/usr/local/bin/gmake -j4 -f &quot;/Users/Jeremy/Programming/oonalysis/src/Makefile&quot;  VERBOSE=1 clean"/>
				</MakeCommands>
			</Target>
			<Target title="oonalysis-gui/fast">
				<Option output="/Users/Jeremy/Programming/oonalysis/bin/oonalysis-gui" prefix_auto="0" extension_auto="0"/>
				<Option working_dir="/Users/Jeremy/Programming/oonalysis/bin"/>
				<Option object_output="./"/>
				<Option type="1"/>
				<Option compiler="gcc"/>
				<Compiler>
					<Add directory="/Users/Jeremy/Programming/oonalysis/lib/SQLiteCpp/include"/>
					<Add directory="/Users/Jeremy/Programming/oonalysis/lib/SQLiteCpp/include/SQLiteCpp"/>
					<Add directory="/Users/Jeremy/Programming/oonalysis/src/."/>
					<Add directory="/usr/local/include"/>
					<Add directory="/Applications/Xcode.app/Contents/Developer/Toolchains/XcodeDefault.xctoolchain/usr/bin/../include/c++/v1"/>
					<Add directory="/Applications/Xcode.app/Contents/Developer/Toolchains/XcodeDefault.xctoolchain/usr/bin/../lib/clang/8.1.0/include"/>
					<Add directory="/Applications/Xcode.app/Contents/Developer/Toolchains/XcodeDefault.xctoolchain/usr/include"/>
					<Add directory="/usr/include"/>
					<Add directory="/System/Library/Frameworks"/>
					<Add directory="/Library/Frameworks"/>
				</Compiler>
				<MakeCommands>
					<Build command="/usr/local/bin/gmake -j4 -f &quot;/Users/Jeremy/Programming/oonalysis/src/Makefile&quot;  VERBOSE=1 oonalysis-gui/fast"/>
					<CompileFile command="/usr/local/bin/gmake -j4 -f &quot;/Users/Jeremy/Programming/oonalysis/src/Makefile&quot;  VERBOSE=1 &quot;$file&quot;"/>
					<Clean command="/usr/local/bin/gmake -j4 -f &quot;/Users/Jeremy/Programming/oonalysis/src/Makefile&quot;  VERBOSE=1 clean"/>
					<DistClean command="/usr/local/bin/gmake -j4 -f &quot;/Users/Jeremy/Programming/oonalysis/src/Makefile&quot;  VERBOSE=1 clean"/>
				</MakeCommands>
			</Target>
			<Target title="util">
				<Option output="/Users/Jeremy/Programming/oonalysis/src/util/libutil.a" prefix_auto="0" extension_auto="0"/>
				<Option working_dir="/Users/Jeremy/Programming/oonalysis/src/util"/>
				<Option object_output="./"/>
				<Option type="2"/>
				<Option compiler="gcc"/>
				<Compiler>
					<Add directory="/Users/Jeremy/Programming/oonalysis/lib/SQLiteCpp/include"/>
					<Add directory="/Users/Jeremy/Programming/oonalysis/lib/SQLiteCpp/include/SQLiteCpp"/>
					<Add directory="/Users/Jeremy/Programming/oonalysis/src/."/>
					<Add directory="/usr/local/include"/>
					<Add directory="/Applications/Xcode.app/Contents/Developer/Toolchains/XcodeDefault.xctoolchain/usr/bin/../include/c++/v1"/>
					<Add directory="/Applications/Xcode.app/Contents/Developer/Toolchains/XcodeDefault.xctoolchain/usr/bin/../lib/clang/8.1.0/include"/>
					<Add directory="/Applications/Xcode.app/Contents/Developer/Toolchains/XcodeDefault.xctoolchain/usr/include"/>
					<Add directory="/usr/include"/>
					<Add directory="/System/Library/Frameworks"/>
					<Add directory="/Library/Frameworks"/>
				</Compiler>
				<MakeCommands>
					<Build command="/usr/local/bin/gmake -j4 -f &quot;/Users/Jeremy/Programming/oonalysis/src/util/Makefile&quot;  VERBOSE=1 util"/>
					<CompileFile command="/usr/local/bin/gmake -j4 -f &quot;/Users/Jeremy/Programming/oonalysis/src/util/Makefile&quot;  VERBOSE=1 &quot;$file&quot;"/>
					<Clean command="/usr/local/bin/gmake -j4 -f &quot;/Users/Jeremy/Programming/oonalysis/src/util/Makefile&quot;  VERBOSE=1 clean"/>
					<DistClean command="/usr/local/bin/gmake -j4 -f &quot;/Users/Jeremy/Programming/oonalysis/src/util/Makefile&quot;  VERBOSE=1 clean"/>
				</MakeCommands>
			</Target>
			<Target title="util/fast">
				<Option output="/Users/Jeremy/Programming/oonalysis/src/util/libutil.a" prefix_auto="0" extension_auto="0"/>
				<Option working_dir="/Users/Jeremy/Programming/oonalysis/src/util"/>
				<Option object_output="./"/>
				<Option type="2"/>
				<Option compiler="gcc"/>
				<Compiler>
					<Add directory="/Users/Jeremy/Programming/oonalysis/lib/SQLiteCpp/include"/>
					<Add directory="/Users/Jeremy/Programming/oonalysis/lib/SQLiteCpp/include/SQLiteCpp"/>
					<Add directory="/Users/Jeremy/Programming/oonalysis/src/."/>
					<Add directory="/usr/local/include"/>
					<Add directory="/Applications/Xcode.app/Contents/Developer/Toolchains/XcodeDefault.xctoolchain/usr/bin/../include/c++/v1"/>
					<Add directory="/Applications/Xcode.app/Contents/Developer/Toolchains/XcodeDefault.xctoolchain/usr/bin/../lib/clang/8.1.0/include"/>
					<Add directory="/Applications/Xcode.app/Contents/Developer/Toolchains/XcodeDefault.xctoolchain/usr/include"/>
					<Add directory="/usr/include"/>
					<Add directory="/System/Library/Frameworks"/>
					<Add directory="/Library/Frameworks"/>
				</Compiler>
				<MakeCommands>
					<Build command="/usr/local/bin/gmake -j4 -f &quot;/Users/Jeremy/Programming/oonalysis/src/util/Makefile&quot;  VERBOSE=1 util/fast"/>
					<CompileFile command="/usr/local/bin/gmake -j4 -f &quot;/Users/Jeremy/Programming/oonalysis/src/util/Makefile&quot;  VERBOSE=1 &quot;$file&quot;"/>
					<Clean command="/usr/local/bin/gmake -j4 -f &quot;/Users/Jeremy/Programming/oonalysis/src/util/Makefile&quot;  VERBOSE=1 clean"/>
					<DistClean command="/usr/local/bin/gmake -j4 -f &quot;/Users/Jeremy/Programming/oonalysis/src/util/Makefile&quot;  VERBOSE=1 clean"/>
				</MakeCommands>
			</Target>
			<Target title="db">
				<Option output="/Users/Jeremy/Programming/oonalysis/src/db/libdb.a" prefix_auto="0" extension_auto="0"/>
				<Option working_dir="/Users/Jeremy/Programming/oonalysis/src/db"/>
				<Option object_output="./"/>
				<Option type="2"/>
				<Option compiler="gcc"/>
				<Compiler>
					<Add directory="/Users/Jeremy/Programming/oonalysis/lib/SQLiteCpp/include"/>
					<Add directory="/Users/Jeremy/Programming/oonalysis/lib/SQLiteCpp/include/SQLiteCpp"/>
					<Add directory="/Users/Jeremy/Programming/oonalysis/src/."/>
					<Add directory="/usr/local/include"/>
					<Add directory="/Users/Jeremy/Programming/oonalysis/src/db/."/>
					<Add directory="/Users/Jeremy/Programming/oonalysis/lib/SQLiteCpp/sqlite3"/>
					<Add directory="/Applications/Xcode.app/Contents/Developer/Toolchains/XcodeDefault.xctoolchain/usr/bin/../include/c++/v1"/>
					<Add directory="/Applications/Xcode.app/Contents/Developer/Toolchains/XcodeDefault.xctoolchain/usr/bin/../lib/clang/8.1.0/include"/>
					<Add directory="/Applications/Xcode.app/Contents/Developer/Toolchains/XcodeDefault.xctoolchain/usr/include"/>
					<Add directory="/usr/include"/>
					<Add directory="/System/Library/Frameworks"/>
					<Add directory="/Library/Frameworks"/>
				</Compiler>
				<MakeCommands>
					<Build command="/usr/local/bin/gmake -j4 -f &quot;/Users/Jeremy/Programming/oonalysis/src/db/Makefile&quot;  VERBOSE=1 db"/>
					<CompileFile command="/usr/local/bin/gmake -j4 -f &quot;/Users/Jeremy/Programming/oonalysis/src/db/Makefile&quot;  VERBOSE=1 &quot;$file&quot;"/>
					<Clean command="/usr/local/bin/gmake -j4 -f &quot;/Users/Jeremy/Programming/oonalysis/src/db/Makefile&quot;  VERBOSE=1 clean"/>
					<DistClean command="/usr/local/bin/gmake -j4 -f &quot;/Users/Jeremy/Programming/oonalysis/src/db/Makefile&quot;  VERBOSE=1 clean"/>
				</MakeCommands>
			</Target>
			<Target title="db/fast">
				<Option output="/Users/Jeremy/Programming/oonalysis/src/db/libdb.a" prefix_auto="0" extension_auto="0"/>
				<Option working_dir="/Users/Jeremy/Programming/oonalysis/src/db"/>
				<Option object_output="./"/>
				<Option type="2"/>
				<Option compiler="gcc"/>
				<Compiler>
					<Add directory="/Users/Jeremy/Programming/oonalysis/lib/SQLiteCpp/include"/>
					<Add directory="/Users/Jeremy/Programming/oonalysis/lib/SQLiteCpp/include/SQLiteCpp"/>
					<Add directory="/Users/Jeremy/Programming/oonalysis/src/."/>
					<Add directory="/usr/local/include"/>
					<Add directory="/Users/Jeremy/Programming/oonalysis/src/db/."/>
					<Add directory="/Users/Jeremy/Programming/oonalysis/lib/SQLiteCpp/sqlite3"/>
					<Add directory="/Applications/Xcode.app/Contents/Developer/Toolchains/XcodeDefault.xctoolchain/usr/bin/../include/c++/v1"/>
					<Add directory="/Applications/Xcode.app/Contents/Developer/Toolchains/XcodeDefault.xctoolchain/usr/bin/../lib/clang/8.1.0/include"/>
					<Add directory="/Applications/Xcode.app/Contents/Developer/Toolchains/XcodeDefault.xctoolchain/usr/include"/>
					<Add directory="/usr/include"/>
					<Add directory="/System/Library/Frameworks"/>
					<Add directory="/Library/Frameworks"/>
				</Compiler>
				<MakeCommands>
					<Build command="/usr/local/bin/gmake -j4 -f &quot;/Users/Jeremy/Programming/oonalysis/src/db/Makefile&quot;  VERBOSE=1 db/fast"/>
					<CompileFile command="/usr/local/bin/gmake -j4 -f &quot;/Users/Jeremy/Programming/oonalysis/src/db/Makefile&quot;  VERBOSE=1 &quot;$file&quot;"/>
					<Clean command="/usr/local/bin/gmake -j4 -f &quot;/Users/Jeremy/Programming/oonalysis/src/db/Makefile&quot;  VERBOSE=1 clean"/>
					<DistClean command="/usr/local/bin/gmake -j4 -f &quot;/Users/Jeremy/Programming/oonalysis/src/db/Makefile&quot;  VERBOSE=1 clean"/>
				</MakeCommands>
			</Target>
			<Target title="repo">
				<Option output="/Users/Jeremy/Programming/oonalysis/src/db/repo/librepo.a" prefix_auto="0" extension_auto="0"/>
				<Option working_dir="/Users/Jeremy/Programming/oonalysis/src/db/repo"/>
				<Option object_output="./"/>
				<Option type="2"/>
				<Option compiler="gcc"/>
				<Compiler>
					<Add directory="/Users/Jeremy/Programming/oonalysis/lib/SQLiteCpp/include"/>
					<Add directory="/Users/Jeremy/Programming/oonalysis/lib/SQLiteCpp/include/SQLiteCpp"/>
					<Add directory="/Users/Jeremy/Programming/oonalysis/src/."/>
					<Add directory="/usr/local/include"/>
					<Add directory="/Users/Jeremy/Programming/oonalysis/src/db/."/>
					<Add directory="/Applications/Xcode.app/Contents/Developer/Toolchains/XcodeDefault.xctoolchain/usr/bin/../include/c++/v1"/>
					<Add directory="/Applications/Xcode.app/Contents/Developer/Toolchains/XcodeDefault.xctoolchain/usr/bin/../lib/clang/8.1.0/include"/>
					<Add directory="/Applications/Xcode.app/Contents/Developer/Toolchains/XcodeDefault.xctoolchain/usr/include"/>
					<Add directory="/usr/include"/>
					<Add directory="/System/Library/Frameworks"/>
					<Add directory="/Library/Frameworks"/>
				</Compiler>
				<MakeCommands>
					<Build command="/usr/local/bin/gmake -j4 -f &quot;/Users/Jeremy/Programming/oonalysis/src/db/repo/Makefile&quot;  VERBOSE=1 repo"/>
					<CompileFile command="/usr/local/bin/gmake -j4 -f &quot;/Users/Jeremy/Programming/oonalysis/src/db/repo/Makefile&quot;  VERBOSE=1 &quot;$file&quot;"/>
					<Clean command="/usr/local/bin/gmake -j4 -f &quot;/Users/Jeremy/Programming/oonalysis/src/db/repo/Makefile&quot;  VERBOSE=1 clean"/>
					<DistClean command="/usr/local/bin/gmake -j4 -f &quot;/Users/Jeremy/Programming/oonalysis/src/db/repo/Makefile&quot;  VERBOSE=1 clean"/>
				</MakeCommands>
			</Target>
			<Target title="repo/fast">
				<Option output="/Users/Jeremy/Programming/oonalysis/src/db/repo/librepo.a" prefix_auto="0" extension_auto="0"/>
				<Option working_dir="/Users/Jeremy/Programming/oonalysis/src/db/repo"/>
				<Option object_output="./"/>
				<Option type="2"/>
				<Option compiler="gcc"/>
				<Compiler>
					<Add directory="/Users/Jeremy/Programming/oonalysis/lib/SQLiteCpp/include"/>
					<Add directory="/Users/Jeremy/Programming/oonalysis/lib/SQLiteCpp/include/SQLiteCpp"/>
					<Add directory="/Users/Jeremy/Programming/oonalysis/src/."/>
					<Add directory="/usr/local/include"/>
					<Add directory="/Users/Jeremy/Programming/oonalysis/src/db/."/>
					<Add directory="/Applications/Xcode.app/Contents/Developer/Toolchains/XcodeDefault.xctoolchain/usr/bin/../include/c++/v1"/>
					<Add directory="/Applications/Xcode.app/Contents/Developer/Toolchains/XcodeDefault.xctoolchain/usr/bin/../lib/clang/8.1.0/include"/>
					<Add directory="/Applications/Xcode.app/Contents/Developer/Toolchains/XcodeDefault.xctoolchain/usr/include"/>
					<Add directory="/usr/include"/>
					<Add directory="/System/Library/Frameworks"/>
					<Add directory="/Library/Frameworks"/>
				</Compiler>
				<MakeCommands>
					<Build command="/usr/local/bin/gmake -j4 -f &quot;/Users/Jeremy/Programming/oonalysis/src/db/repo/Makefile&quot;  VERBOSE=1 repo/fast"/>
					<CompileFile command="/usr/local/bin/gmake -j4 -f &quot;/Users/Jeremy/Programming/oonalysis/src/db/repo/Makefile&quot;  VERBOSE=1 &quot;$file&quot;"/>
					<Clean command="/usr/local/bin/gmake -j4 -f &quot;/Users/Jeremy/Programming/oonalysis/src/db/repo/Makefile&quot;  VERBOSE=1 clean"/>
					<DistClean command="/usr/local/bin/gmake -j4 -f &quot;/Users/Jeremy/Programming/oonalysis/src/db/repo/Makefile&quot;  VERBOSE=1 clean"/>
				</MakeCommands>
			</Target>
			<Target title="metrics">
				<Option output="/Users/Jeremy/Programming/oonalysis/src/metrics/libmetrics.a" prefix_auto="0" extension_auto="0"/>
				<Option working_dir="/Users/Jeremy/Programming/oonalysis/src/metrics"/>
				<Option object_output="./"/>
				<Option type="2"/>
				<Option compiler="gcc"/>
				<Compiler>
					<Add directory="/Users/Jeremy/Programming/oonalysis/lib/SQLiteCpp/include"/>
					<Add directory="/Users/Jeremy/Programming/oonalysis/lib/SQLiteCpp/include/SQLiteCpp"/>
					<Add directory="/Users/Jeremy/Programming/oonalysis/src/."/>
					<Add directory="/usr/local/include"/>
					<Add directory="/Applications/Xcode.app/Contents/Developer/Toolchains/XcodeDefault.xctoolchain/usr/bin/../include/c++/v1"/>
					<Add directory="/Applications/Xcode.app/Contents/Developer/Toolchains/XcodeDefault.xctoolchain/usr/bin/../lib/clang/8.1.0/include"/>
					<Add directory="/Applications/Xcode.app/Contents/Developer/Toolchains/XcodeDefault.xctoolchain/usr/include"/>
					<Add directory="/usr/include"/>
					<Add directory="/System/Library/Frameworks"/>
					<Add directory="/Library/Frameworks"/>
				</Compiler>
				<MakeCommands>
					<Build command="/usr/local/bin/gmake -j4 -f &quot;/Users/Jeremy/Programming/oonalysis/src/metrics/Makefile&quot;  VERBOSE=1 metrics"/>
					<CompileFile command="/usr/local/bin/gmake -j4 -f &quot;/Users/Jeremy/Programming/oonalysis/src/metrics/Makefile&quot;  VERBOSE=1 &quot;$file&quot;"/>
					<Clean command="/usr/local/bin/gmake -j4 -f &quot;/Users/Jeremy/Programming/oonalysis/src/metrics/Makefile&quot;  VERBOSE=1 clean"/>
					<DistClean command="/usr/local/bin/gmake -j4 -f &quot;/Users/Jeremy/Programming/oonalysis/src/metrics/Makefile&quot;  VERBOSE=1 clean"/>
				</MakeCommands>
			</Target>
			<Target title="metrics/fast">
				<Option output="/Users/Jeremy/Programming/oonalysis/src/metrics/libmetrics.a" prefix_auto="0" extension_auto="0"/>
				<Option working_dir="/Users/Jeremy/Programming/oonalysis/src/metrics"/>
				<Option object_output="./"/>
				<Option type="2"/>
				<Option compiler="gcc"/>
				<Compiler>
					<Add directory="/Users/Jeremy/Programming/oonalysis/lib/SQLiteCpp/include"/>
					<Add directory="/Users/Jeremy/Programming/oonalysis/lib/SQLiteCpp/include/SQLiteCpp"/>
					<Add directory="/Users/Jeremy/Programming/oonalysis/src/."/>
					<Add directory="/usr/local/include"/>
					<Add directory="/Applications/Xcode.app/Contents/Developer/Toolchains/XcodeDefault.xctoolchain/usr/bin/../include/c++/v1"/>
					<Add directory="/Applications/Xcode.app/Contents/Developer/Toolchains/XcodeDefault.xctoolchain/usr/bin/../lib/clang/8.1.0/include"/>
					<Add directory="/Applications/Xcode.app/Contents/Developer/Toolchains/XcodeDefault.xctoolchain/usr/include"/>
					<Add directory="/usr/include"/>
					<Add directory="/System/Library/Frameworks"/>
					<Add directory="/Library/Frameworks"/>
				</Compiler>
				<MakeCommands>
					<Build command="/usr/local/bin/gmake -j4 -f &quot;/Users/Jeremy/Programming/oonalysis/src/metrics/Makefile&quot;  VERBOSE=1 metrics/fast"/>
					<CompileFile command="/usr/local/bin/gmake -j4 -f &quot;/Users/Jeremy/Programming/oonalysis/src/metrics/Makefile&quot;  VERBOSE=1 &quot;$file&quot;"/>
					<Clean command="/usr/local/bin/gmake -j4 -f &quot;/Users/Jeremy/Programming/oonalysis/src/metrics/Makefile&quot;  VERBOSE=1 clean"/>
					<DistClean command="/usr/local/bin/gmake -j4 -f &quot;/Users/Jeremy/Programming/oonalysis/src/metrics/Makefile&quot;  VERBOSE=1 clean"/>
				</MakeCommands>
			</Target>
			<Target title="core">
				<Option output="/Users/Jeremy/Programming/oonalysis/src/core/libcore.a" prefix_auto="0" extension_auto="0"/>
				<Option working_dir="/Users/Jeremy/Programming/oonalysis/src/core"/>
				<Option object_output="./"/>
				<Option type="2"/>
				<Option compiler="gcc"/>
				<Compiler>
					<Add directory="/Users/Jeremy/Programming/oonalysis/lib/SQLiteCpp/include"/>
					<Add directory="/Users/Jeremy/Programming/oonalysis/lib/SQLiteCpp/include/SQLiteCpp"/>
					<Add directory="/Users/Jeremy/Programming/oonalysis/src/."/>
					<Add directory="/usr/local/include"/>
					<Add directory="/usr/local/opt/llvm/include"/>
					<Add directory="/Applications/Xcode.app/Contents/Developer/Toolchains/XcodeDefault.xctoolchain/usr/bin/../include/c++/v1"/>
					<Add directory="/Applications/Xcode.app/Contents/Developer/Toolchains/XcodeDefault.xctoolchain/usr/bin/../lib/clang/8.1.0/include"/>
					<Add directory="/Applications/Xcode.app/Contents/Developer/Toolchains/XcodeDefault.xctoolchain/usr/include"/>
					<Add directory="/usr/include"/>
					<Add directory="/System/Library/Frameworks"/>
					<Add directory="/Library/Frameworks"/>
				</Compiler>
				<MakeCommands>
					<Build command="/usr/local/bin/gmake -j4 -f &quot;/Users/Jeremy/Programming/oonalysis/src/core/Makefile&quot;  VERBOSE=1 core"/>
					<CompileFile command="/usr/local/bin/gmake -j4 -f &quot;/Users/Jeremy/Programming/oonalysis/src/core/Makefile&quot;  VERBOSE=1 &quot;$file&quot;"/>
					<Clean command="/usr/local/bin/gmake -j4 -f &quot;/Users/Jeremy/Programming/oonalysis/src/core/Makefile&quot;  VERBOSE=1 clean"/>
					<DistClean command="/usr/local/bin/gmake -j4 -f &quot;/Users/Jeremy/Programming/oonalysis/src/core/Makefile&quot;  VERBOSE=1 clean"/>
				</MakeCommands>
			</Target>
			<Target title="core/fast">
				<Option output="/Users/Jeremy/Programming/oonalysis/src/core/libcore.a" prefix_auto="0" extension_auto="0"/>
				<Option working_dir="/Users/Jeremy/Programming/oonalysis/src/core"/>
				<Option object_output="./"/>
				<Option type="2"/>
				<Option compiler="gcc"/>
				<Compiler>
					<Add directory="/Users/Jeremy/Programming/oonalysis/lib/SQLiteCpp/include"/>
					<Add directory="/Users/Jeremy/Programming/oonalysis/lib/SQLiteCpp/include/SQLiteCpp"/>
					<Add directory="/Users/Jeremy/Programming/oonalysis/src/."/>
					<Add directory="/usr/local/include"/>
					<Add directory="/usr/local/opt/llvm/include"/>
					<Add directory="/Applications/Xcode.app/Contents/Developer/Toolchains/XcodeDefault.xctoolchain/usr/bin/../include/c++/v1"/>
					<Add directory="/Applications/Xcode.app/Contents/Developer/Toolchains/XcodeDefault.xctoolchain/usr/bin/../lib/clang/8.1.0/include"/>
					<Add directory="/Applications/Xcode.app/Contents/Developer/Toolchains/XcodeDefault.xctoolchain/usr/include"/>
					<Add directory="/usr/include"/>
					<Add directory="/System/Library/Frameworks"/>
					<Add directory="/Library/Frameworks"/>
				</Compiler>
				<MakeCommands>
					<Build command="/usr/local/bin/gmake -j4 -f &quot;/Users/Jeremy/Programming/oonalysis/src/core/Makefile&quot;  VERBOSE=1 core/fast"/>
					<CompileFile command="/usr/local/bin/gmake -j4 -f &quot;/Users/Jeremy/Programming/oonalysis/src/core/Makefile&quot;  VERBOSE=1 &quot;$file&quot;"/>
					<Clean command="/usr/local/bin/gmake -j4 -f &quot;/Users/Jeremy/Programming/oonalysis/src/core/Makefile&quot;  VERBOSE=1 clean"/>
					<DistClean command="/usr/local/bin/gmake -j4 -f &quot;/Users/Jeremy/Programming/oonalysis/src/core/Makefile&quot;  VERBOSE=1 clean"/>
				</MakeCommands>
			</Target>
			<Target title="myclang">
				<Option output="/Users/Jeremy/Programming/oonalysis/src/core/clang/libmyclang.a" prefix_auto="0" extension_auto="0"/>
				<Option working_dir="/Users/Jeremy/Programming/oonalysis/src/core/clang"/>
				<Option object_output="./"/>
				<Option type="2"/>
				<Option compiler="gcc"/>
				<Compiler>
					<Add directory="/Users/Jeremy/Programming/oonalysis/lib/SQLiteCpp/include"/>
					<Add directory="/Users/Jeremy/Programming/oonalysis/lib/SQLiteCpp/include/SQLiteCpp"/>
					<Add directory="/Users/Jeremy/Programming/oonalysis/src/."/>
					<Add directory="/usr/local/include"/>
					<Add directory="/usr/local/opt/llvm/include"/>
					<Add directory="/Users/Jeremy/Programming/oonalysis/src/core/clang/."/>
					<Add directory="/Applications/Xcode.app/Contents/Developer/Toolchains/XcodeDefault.xctoolchain/usr/bin/../include/c++/v1"/>
					<Add directory="/Applications/Xcode.app/Contents/Developer/Toolchains/XcodeDefault.xctoolchain/usr/bin/../lib/clang/8.1.0/include"/>
					<Add directory="/Applications/Xcode.app/Contents/Developer/Toolchains/XcodeDefault.xctoolchain/usr/include"/>
					<Add directory="/usr/include"/>
					<Add directory="/System/Library/Frameworks"/>
					<Add directory="/Library/Frameworks"/>
				</Compiler>
				<MakeCommands>
					<Build command="/usr/local/bin/gmake -j4 -f &quot;/Users/Jeremy/Programming/oonalysis/src/core/clang/Makefile&quot;  VERBOSE=1 myclang"/>
					<CompileFile command="/usr/local/bin/gmake -j4 -f &quot;/Users/Jeremy/Programming/oonalysis/src/core/clang/Makefile&quot;  VERBOSE=1 &quot;$file&quot;"/>
					<Clean command="/usr/local/bin/gmake -j4 -f &quot;/Users/Jeremy/Programming/oonalysis/src/core/clang/Makefile&quot;  VERBOSE=1 clean"/>
					<DistClean command="/usr/local/bin/gmake -j4 -f &quot;/Users/Jeremy/Programming/oonalysis/src/core/clang/Makefile&quot;  VERBOSE=1 clean"/>
				</MakeCommands>
			</Target>
			<Target title="myclang/fast">
				<Option output="/Users/Jeremy/Programming/oonalysis/src/core/clang/libmyclang.a" prefix_auto="0" extension_auto="0"/>
				<Option working_dir="/Users/Jeremy/Programming/oonalysis/src/core/clang"/>
				<Option object_output="./"/>
				<Option type="2"/>
				<Option compiler="gcc"/>
				<Compiler>
					<Add directory="/Users/Jeremy/Programming/oonalysis/lib/SQLiteCpp/include"/>
					<Add directory="/Users/Jeremy/Programming/oonalysis/lib/SQLiteCpp/include/SQLiteCpp"/>
					<Add directory="/Users/Jeremy/Programming/oonalysis/src/."/>
					<Add directory="/usr/local/include"/>
					<Add directory="/usr/local/opt/llvm/include"/>
					<Add directory="/Users/Jeremy/Programming/oonalysis/src/core/clang/."/>
					<Add directory="/Applications/Xcode.app/Contents/Developer/Toolchains/XcodeDefault.xctoolchain/usr/bin/../include/c++/v1"/>
					<Add directory="/Applications/Xcode.app/Contents/Developer/Toolchains/XcodeDefault.xctoolchain/usr/bin/../lib/clang/8.1.0/include"/>
					<Add directory="/Applications/Xcode.app/Contents/Developer/Toolchains/XcodeDefault.xctoolchain/usr/include"/>
					<Add directory="/usr/include"/>
					<Add directory="/System/Library/Frameworks"/>
					<Add directory="/Library/Frameworks"/>
				</Compiler>
				<MakeCommands>
					<Build command="/usr/local/bin/gmake -j4 -f &quot;/Users/Jeremy/Programming/oonalysis/src/core/clang/Makefile&quot;  VERBOSE=1 myclang/fast"/>
					<CompileFile command="/usr/local/bin/gmake -j4 -f &quot;/Users/Jeremy/Programming/oonalysis/src/core/clang/Makefile&quot;  VERBOSE=1 &quot;$file&quot;"/>
					<Clean command="/usr/local/bin/gmake -j4 -f &quot;/Users/Jeremy/Programming/oonalysis/src/core/clang/Makefile&quot;  VERBOSE=1 clean"/>
					<DistClean command="/usr/local/bin/gmake -j4 -f &quot;/Users/Jeremy/Programming/oonalysis/src/core/clang/Makefile&quot;  VERBOSE=1 clean"/>
				</MakeCommands>
			</Target>
			<Target title="common">
				<Option output="/Users/Jeremy/Programming/oonalysis/src/core/common/libcommon.a" prefix_auto="0" extension_auto="0"/>
				<Option working_dir="/Users/Jeremy/Programming/oonalysis/src/core/common"/>
				<Option object_output="./"/>
				<Option type="2"/>
				<Option compiler="gcc"/>
				<Compiler>
					<Add directory="/Users/Jeremy/Programming/oonalysis/lib/SQLiteCpp/include"/>
					<Add directory="/Users/Jeremy/Programming/oonalysis/lib/SQLiteCpp/include/SQLiteCpp"/>
					<Add directory="/Users/Jeremy/Programming/oonalysis/src/."/>
					<Add directory="/usr/local/include"/>
					<Add directory="/usr/local/opt/llvm/include"/>
					<Add directory="/Applications/Xcode.app/Contents/Developer/Toolchains/XcodeDefault.xctoolchain/usr/bin/../include/c++/v1"/>
					<Add directory="/Applications/Xcode.app/Contents/Developer/Toolchains/XcodeDefault.xctoolchain/usr/bin/../lib/clang/8.1.0/include"/>
					<Add directory="/Applications/Xcode.app/Contents/Developer/Toolchains/XcodeDefault.xctoolchain/usr/include"/>
					<Add directory="/usr/include"/>
					<Add directory="/System/Library/Frameworks"/>
					<Add directory="/Library/Frameworks"/>
				</Compiler>
				<MakeCommands>
					<Build command="/usr/local/bin/gmake -j4 -f &quot;/Users/Jeremy/Programming/oonalysis/src/core/common/Makefile&quot;  VERBOSE=1 common"/>
					<CompileFile command="/usr/local/bin/gmake -j4 -f &quot;/Users/Jeremy/Programming/oonalysis/src/core/common/Makefile&quot;  VERBOSE=1 &quot;$file&quot;"/>
					<Clean command="/usr/local/bin/gmake -j4 -f &quot;/Users/Jeremy/Programming/oonalysis/src/core/common/Makefile&quot;  VERBOSE=1 clean"/>
					<DistClean command="/usr/local/bin/gmake -j4 -f &quot;/Users/Jeremy/Programming/oonalysis/src/core/common/Makefile&quot;  VERBOSE=1 clean"/>
				</MakeCommands>
			</Target>
			<Target title="common/fast">
				<Option output="/Users/Jeremy/Programming/oonalysis/src/core/common/libcommon.a" prefix_auto="0" extension_auto="0"/>
				<Option working_dir="/Users/Jeremy/Programming/oonalysis/src/core/common"/>
				<Option object_output="./"/>
				<Option type="2"/>
				<Option compiler="gcc"/>
				<Compiler>
					<Add directory="/Users/Jeremy/Programming/oonalysis/lib/SQLiteCpp/include"/>
					<Add directory="/Users/Jeremy/Programming/oonalysis/lib/SQLiteCpp/include/SQLiteCpp"/>
					<Add directory="/Users/Jeremy/Programming/oonalysis/src/."/>
					<Add directory="/usr/local/include"/>
					<Add directory="/usr/local/opt/llvm/include"/>
					<Add directory="/Applications/Xcode.app/Contents/Developer/Toolchains/XcodeDefault.xctoolchain/usr/bin/../include/c++/v1"/>
					<Add directory="/Applications/Xcode.app/Contents/Developer/Toolchains/XcodeDefault.xctoolchain/usr/bin/../lib/clang/8.1.0/include"/>
					<Add directory="/Applications/Xcode.app/Contents/Developer/Toolchains/XcodeDefault.xctoolchain/usr/include"/>
					<Add directory="/usr/include"/>
					<Add directory="/System/Library/Frameworks"/>
					<Add directory="/Library/Frameworks"/>
				</Compiler>
				<MakeCommands>
					<Build command="/usr/local/bin/gmake -j4 -f &quot;/Users/Jeremy/Programming/oonalysis/src/core/common/Makefile&quot;  VERBOSE=1 common/fast"/>
					<CompileFile command="/usr/local/bin/gmake -j4 -f &quot;/Users/Jeremy/Programming/oonalysis/src/core/common/Makefile&quot;  VERBOSE=1 &quot;$file&quot;"/>
					<Clean command="/usr/local/bin/gmake -j4 -f &quot;/Users/Jeremy/Programming/oonalysis/src/core/common/Makefile&quot;  VERBOSE=1 clean"/>
					<DistClean command="/usr/local/bin/gmake -j4 -f &quot;/Users/Jeremy/Programming/oonalysis/src/core/common/Makefile&quot;  VERBOSE=1 clean"/>
				</MakeCommands>
			</Target>
			<Target title="cli">
				<Option output="/Users/Jeremy/Programming/oonalysis/src/cli/libcli.a" prefix_auto="0" extension_auto="0"/>
				<Option working_dir="/Users/Jeremy/Programming/oonalysis/src/cli"/>
				<Option object_output="./"/>
				<Option type="2"/>
				<Option compiler="gcc"/>
				<Compiler>
					<Add directory="/Users/Jeremy/Programming/oonalysis/lib/SQLiteCpp/include"/>
					<Add directory="/Users/Jeremy/Programming/oonalysis/lib/SQLiteCpp/include/SQLiteCpp"/>
					<Add directory="/Users/Jeremy/Programming/oonalysis/src/."/>
					<Add directory="/usr/local/include"/>
					<Add directory="/Users/Jeremy/Programming/oonalysis/src/cli/."/>
					<Add directory="/Users/Jeremy/Programming/oonalysis/lib/SQLiteCpp/sqlite3"/>
					<Add directory="/Applications/Xcode.app/Contents/Developer/Toolchains/XcodeDefault.xctoolchain/usr/bin/../include/c++/v1"/>
					<Add directory="/Applications/Xcode.app/Contents/Developer/Toolchains/XcodeDefault.xctoolchain/usr/bin/../lib/clang/8.1.0/include"/>
					<Add directory="/Applications/Xcode.app/Contents/Developer/Toolchains/XcodeDefault.xctoolchain/usr/include"/>
					<Add directory="/usr/include"/>
					<Add directory="/System/Library/Frameworks"/>
					<Add directory="/Library/Frameworks"/>
				</Compiler>
				<MakeCommands>
					<Build command="/usr/local/bin/gmake -j4 -f &quot;/Users/Jeremy/Programming/oonalysis/src/cli/Makefile&quot;  VERBOSE=1 cli"/>
					<CompileFile command="/usr/local/bin/gmake -j4 -f &quot;/Users/Jeremy/Programming/oonalysis/src/cli/Makefile&quot;  VERBOSE=1 &quot;$file&quot;"/>
					<Clean command="/usr/local/bin/gmake -j4 -f &quot;/Users/Jeremy/Programming/oonalysis/src/cli/Makefile&quot;  VERBOSE=1 clean"/>
					<DistClean command="/usr/local/bin/gmake -j4 -f &quot;/Users/Jeremy/Programming/oonalysis/src/cli/Makefile&quot;  VERBOSE=1 clean"/>
				</MakeCommands>
			</Target>
			<Target title="cli/fast">
				<Option output="/Users/Jeremy/Programming/oonalysis/src/cli/libcli.a" prefix_auto="0" extension_auto="0"/>
				<Option working_dir="/Users/Jeremy/Programming/oonalysis/src/cli"/>
				<Option object_output="./"/>
				<Option type="2"/>
				<Option compiler="gcc"/>
				<Compiler>
					<Add directory="/Users/Jeremy/Programming/oonalysis/lib/SQLiteCpp/include"/>
					<Add directory="/Users/Jeremy/Programming/oonalysis/lib/SQLiteCpp/include/SQLiteCpp"/>
					<Add directory="/Users/Jeremy/Programming/oonalysis/src/."/>
					<Add directory="/usr/local/include"/>
					<Add directory="/Users/Jeremy/Programming/oonalysis/src/cli/."/>
					<Add directory="/Users/Jeremy/Programming/oonalysis/lib/SQLiteCpp/sqlite3"/>
					<Add directory="/Applications/Xcode.app/Contents/Developer/Toolchains/XcodeDefault.xctoolchain/usr/bin/../include/c++/v1"/>
					<Add directory="/Applications/Xcode.app/Contents/Developer/Toolchains/XcodeDefault.xctoolchain/usr/bin/../lib/clang/8.1.0/include"/>
					<Add directory="/Applications/Xcode.app/Contents/Developer/Toolchains/XcodeDefault.xctoolchain/usr/include"/>
					<Add directory="/usr/include"/>
					<Add directory="/System/Library/Frameworks"/>
					<Add directory="/Library/Frameworks"/>
				</Compiler>
				<MakeCommands>
					<Build command="/usr/local/bin/gmake -j4 -f &quot;/Users/Jeremy/Programming/oonalysis/src/cli/Makefile&quot;  VERBOSE=1 cli/fast"/>
					<CompileFile command="/usr/local/bin/gmake -j4 -f &quot;/Users/Jeremy/Programming/oonalysis/src/cli/Makefile&quot;  VERBOSE=1 &quot;$file&quot;"/>
					<Clean command="/usr/local/bin/gmake -j4 -f &quot;/Users/Jeremy/Programming/oonalysis/src/cli/Makefile&quot;  VERBOSE=1 clean"/>
					<DistClean command="/usr/local/bin/gmake -j4 -f &quot;/Users/Jeremy/Programming/oonalysis/src/cli/Makefile&quot;  VERBOSE=1 clean"/>
				</MakeCommands>
			</Target>
			<Target title="gui">
				<Option output="/Users/Jeremy/Programming/oonalysis/src/gui/libgui.a" prefix_auto="0" extension_auto="0"/>
				<Option working_dir="/Users/Jeremy/Programming/oonalysis/src/gui"/>
				<Option object_output="./"/>
				<Option type="2"/>
				<Option compiler="gcc"/>
				<Compiler>
					<Add option="-DQT_WIDGETS_LIB"/>
					<Add option="-DQT_GUI_LIB"/>
					<Add option="-DQT_CORE_LIB"/>
					<Add directory="/Users/Jeremy/Programming/oonalysis/src/gui"/>
					<Add directory="/Users/Jeremy/Programming/oonalysis/src/gui/gui_autogen/include"/>
					<Add directory="/Users/Jeremy/Programming/oonalysis/lib/SQLiteCpp/include"/>
					<Add directory="/Users/Jeremy/Programming/oonalysis/lib/SQLiteCpp/include/SQLiteCpp"/>
					<Add directory="/Users/Jeremy/Programming/oonalysis/src/."/>
					<Add directory="/usr/local/include"/>
					<Add directory="/Users/Jeremy/Qt/5.9.1/clang_64/include"/>
					<Add directory="/Users/Jeremy/Qt/5.9.1/clang_64/lib/QtWidgets.framework"/>
					<Add directory="/Users/Jeremy/Qt/5.9.1/clang_64/lib/QtWidgets.framework/Headers"/>
					<Add directory="/Users/Jeremy/Qt/5.9.1/clang_64/lib/QtGui.framework"/>
					<Add directory="/Users/Jeremy/Qt/5.9.1/clang_64/lib/QtGui.framework/Headers"/>
					<Add directory="/System/Library/Frameworks/OpenGL.framework/Headers"/>
					<Add directory="/Users/Jeremy/Qt/5.9.1/clang_64/lib/QtCore.framework"/>
					<Add directory="/Users/Jeremy/Qt/5.9.1/clang_64/lib/QtCore.framework/Headers"/>
					<Add directory="/Users/Jeremy/Qt/5.9.1/clang_64/./mkspecs/macx-clang"/>
					<Add directory="/Applications/Xcode.app/Contents/Developer/Toolchains/XcodeDefault.xctoolchain/usr/bin/../include/c++/v1"/>
					<Add directory="/Applications/Xcode.app/Contents/Developer/Toolchains/XcodeDefault.xctoolchain/usr/bin/../lib/clang/8.1.0/include"/>
					<Add directory="/Applications/Xcode.app/Contents/Developer/Toolchains/XcodeDefault.xctoolchain/usr/include"/>
					<Add directory="/usr/include"/>
					<Add directory="/System/Library/Frameworks"/>
					<Add directory="/Library/Frameworks"/>
				</Compiler>
				<MakeCommands>
					<Build command="/usr/local/bin/gmake -j4 -f &quot;/Users/Jeremy/Programming/oonalysis/src/gui/Makefile&quot;  VERBOSE=1 gui"/>
					<CompileFile command="/usr/local/bin/gmake -j4 -f &quot;/Users/Jeremy/Programming/oonalysis/src/gui/Makefile&quot;  VERBOSE=1 &quot;$file&quot;"/>
					<Clean command="/usr/local/bin/gmake -j4 -f &quot;/Users/Jeremy/Programming/oonalysis/src/gui/Makefile&quot;  VERBOSE=1 clean"/>
					<DistClean command="/usr/local/bin/gmake -j4 -f &quot;/Users/Jeremy/Programming/oonalysis/src/gui/Makefile&quot;  VERBOSE=1 clean"/>
				</MakeCommands>
			</Target>
			<Target title="gui/fast">
				<Option output="/Users/Jeremy/Programming/oonalysis/src/gui/libgui.a" prefix_auto="0" extension_auto="0"/>
				<Option working_dir="/Users/Jeremy/Programming/oonalysis/src/gui"/>
				<Option object_output="./"/>
				<Option type="2"/>
				<Option compiler="gcc"/>
				<Compiler>
					<Add option="-DQT_WIDGETS_LIB"/>
					<Add option="-DQT_GUI_LIB"/>
					<Add option="-DQT_CORE_LIB"/>
					<Add directory="/Users/Jeremy/Programming/oonalysis/src/gui"/>
					<Add directory="/Users/Jeremy/Programming/oonalysis/src/gui/gui_autogen/include"/>
					<Add directory="/Users/Jeremy/Programming/oonalysis/lib/SQLiteCpp/include"/>
					<Add directory="/Users/Jeremy/Programming/oonalysis/lib/SQLiteCpp/include/SQLiteCpp"/>
					<Add directory="/Users/Jeremy/Programming/oonalysis/src/."/>
					<Add directory="/usr/local/include"/>
					<Add directory="/Users/Jeremy/Qt/5.9.1/clang_64/include"/>
					<Add directory="/Users/Jeremy/Qt/5.9.1/clang_64/lib/QtWidgets.framework"/>
					<Add directory="/Users/Jeremy/Qt/5.9.1/clang_64/lib/QtWidgets.framework/Headers"/>
					<Add directory="/Users/Jeremy/Qt/5.9.1/clang_64/lib/QtGui.framework"/>
					<Add directory="/Users/Jeremy/Qt/5.9.1/clang_64/lib/QtGui.framework/Headers"/>
					<Add directory="/System/Library/Frameworks/OpenGL.framework/Headers"/>
					<Add directory="/Users/Jeremy/Qt/5.9.1/clang_64/lib/QtCore.framework"/>
					<Add directory="/Users/Jeremy/Qt/5.9.1/clang_64/lib/QtCore.framework/Headers"/>
					<Add directory="/Users/Jeremy/Qt/5.9.1/clang_64/./mkspecs/macx-clang"/>
					<Add directory="/Applications/Xcode.app/Contents/Developer/Toolchains/XcodeDefault.xctoolchain/usr/bin/../include/c++/v1"/>
					<Add directory="/Applications/Xcode.app/Contents/Developer/Toolchains/XcodeDefault.xctoolchain/usr/bin/../lib/clang/8.1.0/include"/>
					<Add directory="/Applications/Xcode.app/Contents/Developer/Toolchains/XcodeDefault.xctoolchain/usr/include"/>
					<Add directory="/usr/include"/>
					<Add directory="/System/Library/Frameworks"/>
					<Add directory="/Library/Frameworks"/>
				</Compiler>
				<MakeCommands>
					<Build command="/usr/local/bin/gmake -j4 -f &quot;/Users/Jeremy/Programming/oonalysis/src/gui/Makefile&quot;  VERBOSE=1 gui/fast"/>
					<CompileFile command="/usr/local/bin/gmake -j4 -f &quot;/Users/Jeremy/Programming/oonalysis/src/gui/Makefile&quot;  VERBOSE=1 &quot;$file&quot;"/>
					<Clean command="/usr/local/bin/gmake -j4 -f &quot;/Users/Jeremy/Programming/oonalysis/src/gui/Makefile&quot;  VERBOSE=1 clean"/>
					<DistClean command="/usr/local/bin/gmake -j4 -f &quot;/Users/Jeremy/Programming/oonalysis/src/gui/Makefile&quot;  VERBOSE=1 clean"/>
				</MakeCommands>
			</Target>
			<Target title="gui_autogen">
				<Option working_dir="/Users/Jeremy/Programming/oonalysis/src/gui"/>
				<Option type="4"/>
				<MakeCommands>
					<Build command="/usr/local/bin/gmake -j4 -f &quot;/Users/Jeremy/Programming/oonalysis/src/gui/Makefile&quot;  VERBOSE=1 gui_autogen"/>
					<CompileFile command="/usr/local/bin/gmake -j4 -f &quot;/Users/Jeremy/Programming/oonalysis/src/gui/Makefile&quot;  VERBOSE=1 &quot;$file&quot;"/>
					<Clean command="/usr/local/bin/gmake -j4 -f &quot;/Users/Jeremy/Programming/oonalysis/src/gui/Makefile&quot;  VERBOSE=1 clean"/>
					<DistClean command="/usr/local/bin/gmake -j4 -f &quot;/Users/Jeremy/Programming/oonalysis/src/gui/Makefile&quot;  VERBOSE=1 clean"/>
				</MakeCommands>
			</Target>
		</Build>
		<Unit filename="/Users/Jeremy/Programming/oonalysis/lib/SQLiteCpp/.travis.yml">
			<Option target="SQLiteCpp"/>
		</Unit>
		<Unit filename="/Users/Jeremy/Programming/oonalysis/lib/SQLiteCpp/CHANGELOG.txt">
			<Option target="SQLiteCpp"/>
		</Unit>
		<Unit filename="/Users/Jeremy/Programming/oonalysis/lib/SQLiteCpp/Doxyfile">
			<Option target="SQLiteCpp"/>
		</Unit>
		<Unit filename="/Users/Jeremy/Programming/oonalysis/lib/SQLiteCpp/FindSQLiteCpp.cmake">
			<Option target="SQLiteCpp"/>
		</Unit>
		<Unit filename="/Users/Jeremy/Programming/oonalysis/lib/SQLiteCpp/LICENSE.txt">
			<Option target="SQLiteCpp"/>
		</Unit>
		<Unit filename="/Users/Jeremy/Programming/oonalysis/lib/SQLiteCpp/README.md">
			<Option target="SQLiteCpp"/>
		</Unit>
		<Unit filename="/Users/Jeremy/Programming/oonalysis/lib/SQLiteCpp/TODO.txt">
			<Option target="SQLiteCpp"/>
		</Unit>
		<Unit filename="/Users/Jeremy/Programming/oonalysis/lib/SQLiteCpp/appveyor.yml">
			<Option target="SQLiteCpp"/>
		</Unit>
		<Unit filename="/Users/Jeremy/Programming/oonalysis/lib/SQLiteCpp/build.bat">
			<Option target="SQLiteCpp"/>
		</Unit>
		<Unit filename="/Users/Jeremy/Programming/oonalysis/lib/SQLiteCpp/build.sh">
			<Option target="SQLiteCpp"/>
		</Unit>
		<Unit filename="/Users/Jeremy/Programming/oonalysis/lib/SQLiteCpp/cpplint.py">
			<Option target="SQLiteCpp"/>
		</Unit>
		<Unit filename="/Users/Jeremy/Programming/oonalysis/lib/SQLiteCpp/include/SQLiteCpp/Assertion.h">
			<Option target="SQLiteCpp"/>
		</Unit>
		<Unit filename="/Users/Jeremy/Programming/oonalysis/lib/SQLiteCpp/include/SQLiteCpp/Backup.h">
			<Option target="SQLiteCpp"/>
		</Unit>
		<Unit filename="/Users/Jeremy/Programming/oonalysis/lib/SQLiteCpp/include/SQLiteCpp/Column.h">
			<Option target="SQLiteCpp"/>
		</Unit>
		<Unit filename="/Users/Jeremy/Programming/oonalysis/lib/SQLiteCpp/include/SQLiteCpp/Database.h">
			<Option target="SQLiteCpp"/>
		</Unit>
		<Unit filename="/Users/Jeremy/Programming/oonalysis/lib/SQLiteCpp/include/SQLiteCpp/Exception.h">
			<Option target="SQLiteCpp"/>
		</Unit>
		<Unit filename="/Users/Jeremy/Programming/oonalysis/lib/SQLiteCpp/include/SQLiteCpp/SQLiteCpp.h">
			<Option target="SQLiteCpp"/>
		</Unit>
		<Unit filename="/Users/Jeremy/Programming/oonalysis/lib/SQLiteCpp/include/SQLiteCpp/Statement.h">
			<Option target="SQLiteCpp"/>
		</Unit>
		<Unit filename="/Users/Jeremy/Programming/oonalysis/lib/SQLiteCpp/include/SQLiteCpp/Transaction.h">
			<Option target="SQLiteCpp"/>
		</Unit>
		<Unit filename="/Users/Jeremy/Programming/oonalysis/lib/SQLiteCpp/include/SQLiteCpp/VariadicBind.h">
			<Option target="SQLiteCpp"/>
		</Unit>
		<Unit filename="/Users/Jeremy/Programming/oonalysis/lib/SQLiteCpp/sqlite3/sqlite3.c">
			<Option target="sqlite3"/>
		</Unit>
		<Unit filename="/Users/Jeremy/Programming/oonalysis/lib/SQLiteCpp/sqlite3/sqlite3.h">
			<Option target="sqlite3"/>
		</Unit>
		<Unit filename="/Users/Jeremy/Programming/oonalysis/lib/SQLiteCpp/src/Backup.cpp">
			<Option target="SQLiteCpp"/>
		</Unit>
		<Unit filename="/Users/Jeremy/Programming/oonalysis/lib/SQLiteCpp/src/Column.cpp">
			<Option target="SQLiteCpp"/>
		</Unit>
		<Unit filename="/Users/Jeremy/Programming/oonalysis/lib/SQLiteCpp/src/Database.cpp">
			<Option target="SQLiteCpp"/>
		</Unit>
		<Unit filename="/Users/Jeremy/Programming/oonalysis/lib/SQLiteCpp/src/Exception.cpp">
			<Option target="SQLiteCpp"/>
		</Unit>
		<Unit filename="/Users/Jeremy/Programming/oonalysis/lib/SQLiteCpp/src/Statement.cpp">
			<Option target="SQLiteCpp"/>
		</Unit>
		<Unit filename="/Users/Jeremy/Programming/oonalysis/lib/SQLiteCpp/src/Transaction.cpp">
			<Option target="SQLiteCpp"/>
		</Unit>
		<Unit filename="/Users/Jeremy/Programming/oonalysis/src/cli/parse.cc">
			<Option target="cli"/>
		</Unit>
		<Unit filename="/Users/Jeremy/Programming/oonalysis/src/cli/parse.h">
			<Option target="cli"/>
		</Unit>
		<Unit filename="/Users/Jeremy/Programming/oonalysis/src/cli_main.cc">
			<Option target="oonalysis-cli"/>
		</Unit>
		<Unit filename="/Users/Jeremy/Programming/oonalysis/src/core/Ctx.cc">
			<Option target="core"/>
		</Unit>
		<Unit filename="/Users/Jeremy/Programming/oonalysis/src/core/Ctx.h">
			<Option target="core"/>
		</Unit>
		<Unit filename="/Users/Jeremy/Programming/oonalysis/src/core/clang/clang.cc">
			<Option target="myclang"/>
		</Unit>
		<Unit filename="/Users/Jeremy/Programming/oonalysis/src/core/clang/clang.h">
			<Option target="myclang"/>
		</Unit>
		<Unit filename="/Users/Jeremy/Programming/oonalysis/src/core/clang/cursor_dispatch.cc">
			<Option target="myclang"/>
		</Unit>
		<Unit filename="/Users/Jeremy/Programming/oonalysis/src/core/clang/cursor_dispatch.h">
			<Option target="myclang"/>
		</Unit>
		<Unit filename="/Users/Jeremy/Programming/oonalysis/src/core/clang/handlers.cc">
			<Option target="myclang"/>
		</Unit>
		<Unit filename="/Users/Jeremy/Programming/oonalysis/src/core/clang/handlers.h">
			<Option target="myclang"/>
		</Unit>
		<Unit filename="/Users/Jeremy/Programming/oonalysis/src/core/common/loc.cc">
			<Option target="common"/>
		</Unit>
		<Unit filename="/Users/Jeremy/Programming/oonalysis/src/core/common/loc.h">
			<Option target="common"/>
		</Unit>
		<Unit filename="/Users/Jeremy/Programming/oonalysis/src/core/cpreprocessor.cc">
			<Option target="core"/>
		</Unit>
		<Unit filename="/Users/Jeremy/Programming/oonalysis/src/core/cpreprocessor.h">
			<Option target="core"/>
		</Unit>
		<Unit filename="/Users/Jeremy/Programming/oonalysis/src/core/filetype.cc">
			<Option target="core"/>
		</Unit>
		<Unit filename="/Users/Jeremy/Programming/oonalysis/src/core/filetype.h">
			<Option target="core"/>
		</Unit>
		<Unit filename="/Users/Jeremy/Programming/oonalysis/src/core/ghc.cc">
			<Option target="core"/>
		</Unit>
		<Unit filename="/Users/Jeremy/Programming/oonalysis/src/core/parse.cc">
			<Option target="core"/>
		</Unit>
		<Unit filename="/Users/Jeremy/Programming/oonalysis/src/core/parse.h">
			<Option target="core"/>
		</Unit>
		<Unit filename="/Users/Jeremy/Programming/oonalysis/src/core/strutils.cc">
			<Option target="core"/>
		</Unit>
		<Unit filename="/Users/Jeremy/Programming/oonalysis/src/core/strutils.h">
			<Option target="core"/>
		</Unit>
		<Unit filename="/Users/Jeremy/Programming/oonalysis/src/db/cppinclusion.cc">
			<Option target="db"/>
		</Unit>
		<Unit filename="/Users/Jeremy/Programming/oonalysis/src/db/cppinclusion.h">
			<Option target="db"/>
		</Unit>
		<Unit filename="/Users/Jeremy/Programming/oonalysis/src/db/file.cc">
			<Option target="db"/>
		</Unit>
		<Unit filename="/Users/Jeremy/Programming/oonalysis/src/db/file.h">
			<Option target="db"/>
		</Unit>
		<Unit filename="/Users/Jeremy/Programming/oonalysis/src/db/init.cc">
			<Option target="db"/>
		</Unit>
		<Unit filename="/Users/Jeremy/Programming/oonalysis/src/db/init.h">
			<Option target="db"/>
		</Unit>
		<Unit filename="/Users/Jeremy/Programming/oonalysis/src/db/repo/add.cc">
			<Option target="repo"/>
		</Unit>
		<Unit filename="/Users/Jeremy/Programming/oonalysis/src/db/repo/delete.cc">
			<Option target="repo"/>
		</Unit>
		<Unit filename="/Users/Jeremy/Programming/oonalysis/src/db/repo/get.cc">
			<Option target="repo"/>
		</Unit>
		<Unit filename="/Users/Jeremy/Programming/oonalysis/src/db/repo/update.cc">
			<Option target="repo"/>
		</Unit>
		<Unit filename="/Users/Jeremy/Programming/oonalysis/src/gui/gui_autogen/moc_compilation.cpp">
			<Option target="gui"/>
		</Unit>
		<Unit filename="/Users/Jeremy/Programming/oonalysis/src/gui_main.cc">
			<Option target="oonalysis-gui"/>
		</Unit>
		<Unit filename="/Users/Jeremy/Programming/oonalysis/src/metrics/cppinclusions.cc">
			<Option target="metrics"/>
		</Unit>
		<Unit filename="/Users/Jeremy/Programming/oonalysis/src/metrics/cppinclusions.h">
			<Option target="metrics"/>
		</Unit>
		<Unit filename="/Users/Jeremy/Programming/oonalysis/src/metrics/files.cc">
			<Option target="metrics"/>
		</Unit>
		<Unit filename="/Users/Jeremy/Programming/oonalysis/src/metrics/files.h">
			<Option target="metrics"/>
		</Unit>
		<Unit filename="/Users/Jeremy/Programming/oonalysis/src/metrics/loc.cc">
			<Option target="metrics"/>
		</Unit>
		<Unit filename="/Users/Jeremy/Programming/oonalysis/src/metrics/loc.h">
			<Option target="metrics"/>
		</Unit>
		<Unit filename="/Users/Jeremy/Programming/oonalysis/src/metrics/metrics.cc">
			<Option target="metrics"/>
		</Unit>
		<Unit filename="/Users/Jeremy/Programming/oonalysis/src/metrics/metrics.h">
			<Option target="metrics"/>
		</Unit>
		<Unit filename="/Users/Jeremy/Programming/oonalysis/src/util/log.c">
			<Option target="util"/>
		</Unit>
		<Unit filename="/Users/Jeremy/Programming/oonalysis/src/util/log.h">
			<Option target="util"/>
		</Unit>
		<Unit filename="/Users/Jeremy/Programming/oonalysis/CMakeLists.txt">
			<Option virtualFolder="CMake Files\"/>
		</Unit>
		<Unit filename="/Users/Jeremy/Programming/oonalysis/lib/CMakeLists.txt">
			<Option virtualFolder="CMake Files\lib\"/>
		</Unit>
		<Unit filename="/Users/Jeremy/Programming/oonalysis/lib/SQLiteCpp/CMakeLists.txt">
			<Option virtualFolder="CMake Files\lib\SQLiteCpp\"/>
		</Unit>
		<Unit filename="/Users/Jeremy/Programming/oonalysis/lib/SQLiteCpp/CMakeLists.txt">
			<Option virtualFolder="CMake Files\lib\SQLiteCpp\"/>
		</Unit>
		<Unit filename="/Users/Jeremy/Programming/oonalysis/lib/SQLiteCpp/sqlite3/CMakeLists.txt">
			<Option virtualFolder="CMake Files\lib\SQLiteCpp\sqlite3\"/>
		</Unit>
		<Unit filename="/Users/Jeremy/Programming/oonalysis/lib/SQLiteCpp/sqlite3/CMakeLists.txt">
			<Option virtualFolder="CMake Files\lib\SQLiteCpp\sqlite3\"/>
		</Unit>
		<Unit filename="/Users/Jeremy/Programming/oonalysis/src/CMakeLists.txt">
			<Option virtualFolder="CMake Files\src\"/>
		</Unit>
		<Unit filename="/Users/Jeremy/Programming/oonalysis/src/util/CMakeLists.txt">
			<Option virtualFolder="CMake Files\src\util\"/>
		</Unit>
		<Unit filename="/Users/Jeremy/Programming/oonalysis/src/db/CMakeLists.txt">
			<Option virtualFolder="CMake Files\src\db\"/>
		</Unit>
		<Unit filename="/Users/Jeremy/Programming/oonalysis/src/db/repo/CMakeLists.txt">
			<Option virtualFolder="CMake Files\src\db\repo\"/>
		</Unit>
		<Unit filename="/Users/Jeremy/Programming/oonalysis/src/metrics/CMakeLists.txt">
			<Option virtualFolder="CMake Files\src\metrics\"/>
		</Unit>
		<Unit filename="/Users/Jeremy/Programming/oonalysis/src/core/CMakeLists.txt">
			<Option virtualFolder="CMake Files\src\core\"/>
		</Unit>
		<Unit filename="/Users/Jeremy/Programming/oonalysis/src/core/clang/CMakeLists.txt">
			<Option virtualFolder="CMake Files\src\core\clang\"/>
		</Unit>
		<Unit filename="/Users/Jeremy/Programming/oonalysis/src/core/common/CMakeLists.txt">
			<Option virtualFolder="CMake Files\src\core\common\"/>
		</Unit>
		<Unit filename="/Users/Jeremy/Programming/oonalysis/src/cli/CMakeLists.txt">
			<Option virtualFolder="CMake Files\src\cli\"/>
		</Unit>
		<Unit filename="/Users/Jeremy/Programming/oonalysis/src/gui/CMakeLists.txt">
			<Option virtualFolder="CMake Files\src\gui\"/>
		</Unit>
		<Unit filename="/Users/Jeremy/Programming/oonalysis/../../Qt/5.9.1/clang_64/lib/cmake/Qt5/Qt5ConfigVersion.cmake">
			<Option virtualFolder="CMake Files\..\..\Qt\5.9.1\clang_64\lib\cmake\Qt5\"/>
		</Unit>
		<Unit filename="/Users/Jeremy/Programming/oonalysis/../../Qt/5.9.1/clang_64/lib/cmake/Qt5/Qt5Config.cmake">
			<Option virtualFolder="CMake Files\..\..\Qt\5.9.1\clang_64\lib\cmake\Qt5\"/>
		</Unit>
		<Unit filename="/Users/Jeremy/Programming/oonalysis/../../Qt/5.9.1/clang_64/lib/cmake/Qt5/Qt5ModuleLocation.cmake">
			<Option virtualFolder="CMake Files\..\..\Qt\5.9.1\clang_64\lib\cmake\Qt5\"/>
		</Unit>
		<Unit filename="/Users/Jeremy/Programming/oonalysis/../../Qt/5.9.1/clang_64/lib/cmake/Qt5Core/Qt5CoreConfigVersion.cmake">
			<Option virtualFolder="CMake Files\..\..\Qt\5.9.1\clang_64\lib\cmake\Qt5Core\"/>
		</Unit>
		<Unit filename="/Users/Jeremy/Programming/oonalysis/../../Qt/5.9.1/clang_64/lib/cmake/Qt5Core/Qt5CoreConfig.cmake">
			<Option virtualFolder="CMake Files\..\..\Qt\5.9.1\clang_64\lib\cmake\Qt5Core\"/>
		</Unit>
		<Unit filename="/Users/Jeremy/Programming/oonalysis/../../Qt/5.9.1/clang_64/lib/cmake/Qt5Core/Qt5CoreConfigExtras.cmake">
			<Option virtualFolder="CMake Files\..\..\Qt\5.9.1\clang_64\lib\cmake\Qt5Core\"/>
		</Unit>
		<Unit filename="/Users/Jeremy/Programming/oonalysis/../../Qt/5.9.1/clang_64/lib/cmake/Qt5Core/Qt5CoreConfigExtrasMkspecDir.cmake">
			<Option virtualFolder="CMake Files\..\..\Qt\5.9.1\clang_64\lib\cmake\Qt5Core\"/>
		</Unit>
		<Unit filename="/Users/Jeremy/Programming/oonalysis/../../Qt/5.9.1/clang_64/lib/cmake/Qt5Core/Qt5CoreMacros.cmake">
			<Option virtualFolder="CMake Files\..\..\Qt\5.9.1\clang_64\lib\cmake\Qt5Core\"/>
		</Unit>
		<Unit filename="/Users/Jeremy/Programming/oonalysis/../../Qt/5.9.1/clang_64/lib/cmake/Qt5Gui/Qt5GuiConfigVersion.cmake">
			<Option virtualFolder="CMake Files\..\..\Qt\5.9.1\clang_64\lib\cmake\Qt5Gui\"/>
		</Unit>
		<Unit filename="/Users/Jeremy/Programming/oonalysis/../../Qt/5.9.1/clang_64/lib/cmake/Qt5Gui/Qt5GuiConfig.cmake">
			<Option virtualFolder="CMake Files\..\..\Qt\5.9.1\clang_64\lib\cmake\Qt5Gui\"/>
		</Unit>
		<Unit filename="/Users/Jeremy/Programming/oonalysis/../../Qt/5.9.1/clang_64/lib/cmake/Qt5Gui/Qt5Gui_QCocoaIntegrationPlugin.cmake">
			<Option virtualFolder="CMake Files\..\..\Qt\5.9.1\clang_64\lib\cmake\Qt5Gui\"/>
		</Unit>
		<Unit filename="/Users/Jeremy/Programming/oonalysis/../../Qt/5.9.1/clang_64/lib/cmake/Qt5Gui/Qt5Gui_QGifPlugin.cmake">
			<Option virtualFolder="CMake Files\..\..\Qt\5.9.1\clang_64\lib\cmake\Qt5Gui\"/>
		</Unit>
		<Unit filename="/Users/Jeremy/Programming/oonalysis/../../Qt/5.9.1/clang_64/lib/cmake/Qt5Gui/Qt5Gui_QICNSPlugin.cmake">
			<Option virtualFolder="CMake Files\..\..\Qt\5.9.1\clang_64\lib\cmake\Qt5Gui\"/>
		</Unit>
		<Unit filename="/Users/Jeremy/Programming/oonalysis/../../Qt/5.9.1/clang_64/lib/cmake/Qt5Gui/Qt5Gui_QICOPlugin.cmake">
			<Option virtualFolder="CMake Files\..\..\Qt\5.9.1\clang_64\lib\cmake\Qt5Gui\"/>
		</Unit>
		<Unit filename="/Users/Jeremy/Programming/oonalysis/../../Qt/5.9.1/clang_64/lib/cmake/Qt5Gui/Qt5Gui_QJpegPlugin.cmake">
			<Option virtualFolder="CMake Files\..\..\Qt\5.9.1\clang_64\lib\cmake\Qt5Gui\"/>
		</Unit>
		<Unit filename="/Users/Jeremy/Programming/oonalysis/../../Qt/5.9.1/clang_64/lib/cmake/Qt5Gui/Qt5Gui_QMacJp2Plugin.cmake">
			<Option virtualFolder="CMake Files\..\..\Qt\5.9.1\clang_64\lib\cmake\Qt5Gui\"/>
		</Unit>
		<Unit filename="/Users/Jeremy/Programming/oonalysis/../../Qt/5.9.1/clang_64/lib/cmake/Qt5Gui/Qt5Gui_QMinimalIntegrationPlugin.cmake">
			<Option virtualFolder="CMake Files\..\..\Qt\5.9.1\clang_64\lib\cmake\Qt5Gui\"/>
		</Unit>
		<Unit filename="/Users/Jeremy/Programming/oonalysis/../../Qt/5.9.1/clang_64/lib/cmake/Qt5Gui/Qt5Gui_QOffscreenIntegrationPlugin.cmake">
			<Option virtualFolder="CMake Files\..\..\Qt\5.9.1\clang_64\lib\cmake\Qt5Gui\"/>
		</Unit>
		<Unit filename="/Users/Jeremy/Programming/oonalysis/../../Qt/5.9.1/clang_64/lib/cmake/Qt5Gui/Qt5Gui_QTgaPlugin.cmake">
			<Option virtualFolder="CMake Files\..\..\Qt\5.9.1\clang_64\lib\cmake\Qt5Gui\"/>
		</Unit>
		<Unit filename="/Users/Jeremy/Programming/oonalysis/../../Qt/5.9.1/clang_64/lib/cmake/Qt5Gui/Qt5Gui_QTiffPlugin.cmake">
			<Option virtualFolder="CMake Files\..\..\Qt\5.9.1\clang_64\lib\cmake\Qt5Gui\"/>
		</Unit>
		<Unit filename="/Users/Jeremy/Programming/oonalysis/../../Qt/5.9.1/clang_64/lib/cmake/Qt5Gui/Qt5Gui_QTuioTouchPlugin.cmake">
			<Option virtualFolder="CMake Files\..\..\Qt\5.9.1\clang_64\lib\cmake\Qt5Gui\"/>
		</Unit>
		<Unit filename="/Users/Jeremy/Programming/oonalysis/../../Qt/5.9.1/clang_64/lib/cmake/Qt5Gui/Qt5Gui_QVirtualKeyboardPlugin.cmake">
			<Option virtualFolder="CMake Files\..\..\Qt\5.9.1\clang_64\lib\cmake\Qt5Gui\"/>
		</Unit>
		<Unit filename="/Users/Jeremy/Programming/oonalysis/../../Qt/5.9.1/clang_64/lib/cmake/Qt5Gui/Qt5Gui_QWbmpPlugin.cmake">
			<Option virtualFolder="CMake Files\..\..\Qt\5.9.1\clang_64\lib\cmake\Qt5Gui\"/>
		</Unit>
		<Unit filename="/Users/Jeremy/Programming/oonalysis/../../Qt/5.9.1/clang_64/lib/cmake/Qt5Gui/Qt5Gui_QWebpPlugin.cmake">
			<Option virtualFolder="CMake Files\..\..\Qt\5.9.1\clang_64\lib\cmake\Qt5Gui\"/>
		</Unit>
		<Unit filename="/Users/Jeremy/Programming/oonalysis/../../Qt/5.9.1/clang_64/lib/cmake/Qt5Gui/Qt5GuiConfigExtras.cmake">
			<Option virtualFolder="CMake Files\..\..\Qt\5.9.1\clang_64\lib\cmake\Qt5Gui\"/>
		</Unit>
		<Unit filename="/Users/Jeremy/Programming/oonalysis/../../Qt/5.9.1/clang_64/lib/cmake/Qt5Widgets/Qt5WidgetsConfigVersion.cmake">
			<Option virtualFolder="CMake Files\..\..\Qt\5.9.1\clang_64\lib\cmake\Qt5Widgets\"/>
		</Unit>
		<Unit filename="/Users/Jeremy/Programming/oonalysis/../../Qt/5.9.1/clang_64/lib/cmake/Qt5Widgets/Qt5WidgetsConfig.cmake">
			<Option virtualFolder="CMake Files\..\..\Qt\5.9.1\clang_64\lib\cmake\Qt5Widgets\"/>
		</Unit>
		<Unit filename="/Users/Jeremy/Programming/oonalysis/../../Qt/5.9.1/clang_64/lib/cmake/Qt5Widgets/Qt5WidgetsConfigExtras.cmake">
			<Option virtualFolder="CMake Files\..\..\Qt\5.9.1\clang_64\lib\cmake\Qt5Widgets\"/>
		</Unit>
		<Unit filename="/Users/Jeremy/Programming/oonalysis/../../Qt/5.9.1/clang_64/lib/cmake/Qt5Widgets/Qt5WidgetsMacros.cmake">
			<Option virtualFolder="CMake Files\..\..\Qt\5.9.1\clang_64\lib\cmake\Qt5Widgets\"/>
		</Unit>
	</Project>
</CodeBlocks_project_file>
